
Microsoft Visual Studio Solution File, Format Version 12.00
# Visual Studio Version 17
VisualStudioVersion = 17.13.35919.96
MinimumVisualStudioVersion = 10.0.40219.1
Project("{FAE04EC0-301F-11D3-BF4B-00C04F79EFBC}") = "Moofin", "Moofin\Moofin.csproj", "{6EDADB91-1EAB-4E20-9D63-5081E9321B94}"
EndProject
Global
	GlobalSection(SolutionConfigurationPlatforms) = preSolution
		Debug|Any CPU = Debug|Any CPU
		Debug|x64 = Debug|x64
		Debug|x86 = Debug|x86
		Release|Any CPU = Release|Any CPU
		Release|x64 = Release|x64
		Release|x86 = Release|x86
	EndGlobalSection
	GlobalSection(ProjectConfigurationPlatforms) = postSolution
		{6EDADB91-1EAB-4E20-9D63-5081E9321B94}.Debug|Any CPU.ActiveCfg = Debug|Any CPU
		{6EDADB91-1EAB-4E20-9D63-5081E9321B94}.Debug|Any CPU.Build.0 = Debug|Any CPU
		{6EDADB91-1EAB-4E20-9D63-5081E9321B94}.Debug|x64.ActiveCfg = Debug|Any CPU
		{6EDADB91-1EAB-4E20-9D63-5081E9321B94}.Debug|x64.Build.0 = Debug|Any CPU
		{6EDADB91-1EAB-4E20-9D63-5081E9321B94}.Debug|x86.ActiveCfg = Debug|Any CPU
		{6EDADB91-1EAB-4E20-9D63-5081E9321B94}.Debug|x86.Build.0 = Debug|Any CPU
		{6EDADB91-1EAB-4E20-9D63-5081E9321B94}.Release|Any CPU.ActiveCfg = Release|Any CPU
		{6EDADB91-1EAB-4E20-9D63-5081E9321B94}.Release|Any CPU.Build.0 = Release|Any CPU
		{6EDADB91-1EAB-4E20-9D63-5081E9321B94}.Release|x64.ActiveCfg = Release|Any CPU
		{6EDADB91-1EAB-4E20-9D63-5081E9321B94}.Release|x64.Build.0 = Release|Any CPU
		{6EDADB91-1EAB-4E20-9D63-5081E9321B94}.Release|x86.ActiveCfg = Release|Any CPU
		{6EDADB91-1EAB-4E20-9D63-5081E9321B94}.Release|x86.Build.0 = Release|Any CPU
	EndGlobalSection
	GlobalSection(SolutionProperties) = preSolution
		HideSolutionNode = FALSE
	EndGlobalSection
	GlobalSection(ExtensibilityGlobals) = postSolution
		SolutionGuid = {CFDE19B2-9A21-4839-A910-650F194DA7F5}
	EndGlobalSection
EndGlobal
